
Microsoft Visual Studio Solution File, Format Version 12.00
# Visual Studio 2013
VisualStudioVersion = 12.0.21005.1
MinimumVisualStudioVersion = 10.0.40219.1
Project("{FAE04EC0-301F-11D3-BF4B-00C04F79EFBC}") = "DBS", "DBS\DBS.csproj", "{9C3182A3-B748-4AD7-97F4-85749EF4E85C}"
EndProject
Project("{FAE04EC0-301F-11D3-BF4B-00C04F79EFBC}") = "Peer", "Peer\Peer.csproj", "{312ADE6B-ECED-4E35-8A40-888D47BB2CCE}"
EndProject
Project("{FAE04EC0-301F-11D3-BF4B-00C04F79EFBC}") = "DBSTests", "DBSTests\DBSTests.csproj", "{BEB18EAF-57E2-4A67-AD7F-97A11E04A0BC}"
EndProject
Project("{FAE04EC0-301F-11D3-BF4B-00C04F79EFBC}") = "JsonConfig", "JsonConfig\JsonConfig.csproj", "{C6298220-3E7E-4061-8C7D-D0D1DEE3EE05}"
EndProject
Global
	GlobalSection(SolutionConfigurationPlatforms) = preSolution
		Debug|Any CPU = Debug|Any CPU
		Release|Any CPU = Release|Any CPU
	EndGlobalSection
	GlobalSection(ProjectConfigurationPlatforms) = postSolution
		{9C3182A3-B748-4AD7-97F4-85749EF4E85C}.Debug|Any CPU.ActiveCfg = Debug|Any CPU
		{9C3182A3-B748-4AD7-97F4-85749EF4E85C}.Debug|Any CPU.Build.0 = Debug|Any CPU
		{9C3182A3-B748-4AD7-97F4-85749EF4E85C}.Release|Any CPU.ActiveCfg = Release|Any CPU
		{9C3182A3-B748-4AD7-97F4-85749EF4E85C}.Release|Any CPU.Build.0 = Release|Any CPU
		{312ADE6B-ECED-4E35-8A40-888D47BB2CCE}.Debug|Any CPU.ActiveCfg = Debug|Any CPU
		{312ADE6B-ECED-4E35-8A40-888D47BB2CCE}.Debug|Any CPU.Build.0 = Debug|Any CPU
		{312ADE6B-ECED-4E35-8A40-888D47BB2CCE}.Release|Any CPU.ActiveCfg = Release|Any CPU
		{312ADE6B-ECED-4E35-8A40-888D47BB2CCE}.Release|Any CPU.Build.0 = Release|Any CPU
		{BEB18EAF-57E2-4A67-AD7F-97A11E04A0BC}.Debug|Any CPU.ActiveCfg = Debug|Any CPU
		{BEB18EAF-57E2-4A67-AD7F-97A11E04A0BC}.Debug|Any CPU.Build.0 = Debug|Any CPU
		{BEB18EAF-57E2-4A67-AD7F-97A11E04A0BC}.Release|Any CPU.ActiveCfg = Release|Any CPU
		{BEB18EAF-57E2-4A67-AD7F-97A11E04A0BC}.Release|Any CPU.Build.0 = Release|Any CPU
		{C6298220-3E7E-4061-8C7D-D0D1DEE3EE05}.Debug|Any CPU.ActiveCfg = Debug|Any CPU
		{C6298220-3E7E-4061-8C7D-D0D1DEE3EE05}.Debug|Any CPU.Build.0 = Debug|Any CPU
		{C6298220-3E7E-4061-8C7D-D0D1DEE3EE05}.Release|Any CPU.ActiveCfg = Release|Any CPU
		{C6298220-3E7E-4061-8C7D-D0D1DEE3EE05}.Release|Any CPU.Build.0 = Release|Any CPU
	EndGlobalSection
	GlobalSection(SolutionProperties) = preSolution
		HideSolutionNode = FALSE
	EndGlobalSection
EndGlobal
